// !$*UTF8*$!
{
	archiveVersion = 1;
	classes = {
	};
	objectVersion = 50;
	objects = {

/* Begin PBXBuildFile section */
		4F062E3426853A030055151E /* App.swift in Sources */ = {isa = PBXBuildFile; fileRef = 4F062E3326853A030055151E /* App.swift */; };
		4F27AD0524D4CBBD005295D8 /* DeletePersonButtonView.swift in Sources */ = {isa = PBXBuildFile; fileRef = 4F27AD0424D4CBBD005295D8 /* DeletePersonButtonView.swift */; };
		4F27AD0724D4CC16005295D8 /* DayPicker.swift in Sources */ = {isa = PBXBuildFile; fileRef = 4F27AD0624D4CC16005295D8 /* DayPicker.swift */; };
		4F39A96B24D7211100D69F5A /* SampleCoreDataSwiftUIMVVMUITests.swift in Sources */ = {isa = PBXBuildFile; fileRef = 4F39A96A24D7211100D69F5A /* SampleCoreDataSwiftUIMVVMUITests.swift */; };
		4F5AB9682692635D00AA0186 /* LogManager.swift in Sources */ = {isa = PBXBuildFile; fileRef = 4F5AB9672692635D00AA0186 /* LogManager.swift */; };
		4F98992D2682358D006F027A /* Binding.swift in Sources */ = {isa = PBXBuildFile; fileRef = 4F98992C2682358D006F027A /* Binding.swift */; };
		4FC6C7AC24D49717004AD156 /* SampleCoreDataSwiftUIMVVM.xcdatamodeld in Sources */ = {isa = PBXBuildFile; fileRef = 4FC6C7AA24D49717004AD156 /* SampleCoreDataSwiftUIMVVM.xcdatamodeld */; };
		4FC6C7AE24D49717004AD156 /* MainView.swift in Sources */ = {isa = PBXBuildFile; fileRef = 4FC6C7AD24D49717004AD156 /* MainView.swift */; };
		4FC6C7B024D49719004AD156 /* Assets.xcassets in Resources */ = {isa = PBXBuildFile; fileRef = 4FC6C7AF24D49719004AD156 /* Assets.xcassets */; };
		4FC6C7B324D49719004AD156 /* Preview Assets.xcassets in Resources */ = {isa = PBXBuildFile; fileRef = 4FC6C7B224D49719004AD156 /* Preview Assets.xcassets */; };
		4FC6C7C424D49853004AD156 /* Person.swift in Sources */ = {isa = PBXBuildFile; fileRef = 4FC6C7C324D49853004AD156 /* Person.swift */; };
		4FC6C7C824D49B8D004AD156 /* CoreDataHelper.swift in Sources */ = {isa = PBXBuildFile; fileRef = 4FC6C7C724D49B8D004AD156 /* CoreDataHelper.swift */; };
		4FC6C7CB24D49C40004AD156 /* NSManagedObjectContext+executeAndMerge.swift in Sources */ = {isa = PBXBuildFile; fileRef = 4FC6C7CA24D49C40004AD156 /* NSManagedObjectContext+executeAndMerge.swift */; };
		4FC6C7CD24D49C6A004AD156 /* DataManager.swift in Sources */ = {isa = PBXBuildFile; fileRef = 4FC6C7CC24D49C6A004AD156 /* DataManager.swift */; };
		4FC6C7D424D4B9CD004AD156 /* CEOView.swift in Sources */ = {isa = PBXBuildFile; fileRef = 4FC6C7D324D4B9CD004AD156 /* CEOView.swift */; };
		4FC6C7D624D4B9DA004AD156 /* PeopleListView.swift in Sources */ = {isa = PBXBuildFile; fileRef = 4FC6C7D524D4B9DA004AD156 /* PeopleListView.swift */; };
		4FC6C7D824D4BA1C004AD156 /* ResetToDefaultsView.swift in Sources */ = {isa = PBXBuildFile; fileRef = 4FC6C7D724D4BA1C004AD156 /* ResetToDefaultsView.swift */; };
		4FC6C7DA24D4BC69004AD156 /* PersonEditor.swift in Sources */ = {isa = PBXBuildFile; fileRef = 4FC6C7D924D4BC69004AD156 /* PersonEditor.swift */; };
		4FED707626864BB9007D48E8 /* PersonListItem.swift in Sources */ = {isa = PBXBuildFile; fileRef = 4FED707526864BB9007D48E8 /* PersonListItem.swift */; };
		4FF5300524D76E4800F4F9AC /* NavigationLazyView.swift in Sources */ = {isa = PBXBuildFile; fileRef = 4FF5300424D76E4800F4F9AC /* NavigationLazyView.swift */; };
/* End PBXBuildFile section */

/* Begin PBXContainerItemProxy section */
		4F39A96D24D7211100D69F5A /* PBXContainerItemProxy */ = {
			isa = PBXContainerItemProxy;
			containerPortal = 4FC6C79B24D49717004AD156 /* Project object */;
			proxyType = 1;
			remoteGlobalIDString = 4FC6C7A224D49717004AD156;
			remoteInfo = SampleCoreDataSwiftUIMVVM;
		};
/* End PBXContainerItemProxy section */

/* Begin PBXFileReference section */
		4F062E3326853A030055151E /* App.swift */ = {isa = PBXFileReference; lastKnownFileType = sourcecode.swift; path = App.swift; sourceTree = "<group>"; };
		4F27AD0424D4CBBD005295D8 /* DeletePersonButtonView.swift */ = {isa = PBXFileReference; lastKnownFileType = sourcecode.swift; path = DeletePersonButtonView.swift; sourceTree = "<group>"; };
		4F27AD0624D4CC16005295D8 /* DayPicker.swift */ = {isa = PBXFileReference; lastKnownFileType = sourcecode.swift; path = DayPicker.swift; sourceTree = "<group>"; };
		4F39A96824D7211100D69F5A /* SampleCoreDataSwiftUIMVVMUITests.xctest */ = {isa = PBXFileReference; explicitFileType = wrapper.cfbundle; includeInIndex = 0; path = SampleCoreDataSwiftUIMVVMUITests.xctest; sourceTree = BUILT_PRODUCTS_DIR; };
		4F39A96A24D7211100D69F5A /* SampleCoreDataSwiftUIMVVMUITests.swift */ = {isa = PBXFileReference; lastKnownFileType = sourcecode.swift; path = SampleCoreDataSwiftUIMVVMUITests.swift; sourceTree = "<group>"; };
		4F39A96C24D7211100D69F5A /* Info.plist */ = {isa = PBXFileReference; lastKnownFileType = text.plist.xml; path = Info.plist; sourceTree = "<group>"; };
		4F5AB9672692635D00AA0186 /* LogManager.swift */ = {isa = PBXFileReference; lastKnownFileType = sourcecode.swift; path = LogManager.swift; sourceTree = "<group>"; };
		4F98992C2682358D006F027A /* Binding.swift */ = {isa = PBXFileReference; lastKnownFileType = sourcecode.swift; path = Binding.swift; sourceTree = "<group>"; };
		4FC6C7A324D49717004AD156 /* SampleCoreDataSwiftUIMVVM.app */ = {isa = PBXFileReference; explicitFileType = wrapper.application; includeInIndex = 0; path = SampleCoreDataSwiftUIMVVM.app; sourceTree = BUILT_PRODUCTS_DIR; };
		4FC6C7AB24D49717004AD156 /* SampleCoreDataSwiftUIMVVM.xcdatamodel */ = {isa = PBXFileReference; lastKnownFileType = wrapper.xcdatamodel; path = SampleCoreDataSwiftUIMVVM.xcdatamodel; sourceTree = "<group>"; };
		4FC6C7AD24D49717004AD156 /* MainView.swift */ = {isa = PBXFileReference; lastKnownFileType = sourcecode.swift; path = MainView.swift; sourceTree = "<group>"; };
		4FC6C7AF24D49719004AD156 /* Assets.xcassets */ = {isa = PBXFileReference; lastKnownFileType = folder.assetcatalog; path = Assets.xcassets; sourceTree = "<group>"; };
		4FC6C7B224D49719004AD156 /* Preview Assets.xcassets */ = {isa = PBXFileReference; lastKnownFileType = folder.assetcatalog; path = "Preview Assets.xcassets"; sourceTree = "<group>"; };
		4FC6C7B724D49719004AD156 /* Info.plist */ = {isa = PBXFileReference; lastKnownFileType = text.plist.xml; path = Info.plist; sourceTree = "<group>"; };
		4FC6C7C324D49853004AD156 /* Person.swift */ = {isa = PBXFileReference; lastKnownFileType = sourcecode.swift; path = Person.swift; sourceTree = "<group>"; };
		4FC6C7C724D49B8D004AD156 /* CoreDataHelper.swift */ = {isa = PBXFileReference; lastKnownFileType = sourcecode.swift; path = CoreDataHelper.swift; sourceTree = "<group>"; };
		4FC6C7CA24D49C40004AD156 /* NSManagedObjectContext+executeAndMerge.swift */ = {isa = PBXFileReference; lastKnownFileType = sourcecode.swift; path = "NSManagedObjectContext+executeAndMerge.swift"; sourceTree = "<group>"; };
		4FC6C7CC24D49C6A004AD156 /* DataManager.swift */ = {isa = PBXFileReference; lastKnownFileType = sourcecode.swift; path = DataManager.swift; sourceTree = "<group>"; };
		4FC6C7D324D4B9CD004AD156 /* CEOView.swift */ = {isa = PBXFileReference; lastKnownFileType = sourcecode.swift; path = CEOView.swift; sourceTree = "<group>"; };
		4FC6C7D524D4B9DA004AD156 /* PeopleListView.swift */ = {isa = PBXFileReference; lastKnownFileType = sourcecode.swift; path = PeopleListView.swift; sourceTree = "<group>"; };
		4FC6C7D724D4BA1C004AD156 /* ResetToDefaultsView.swift */ = {isa = PBXFileReference; lastKnownFileType = sourcecode.swift; path = ResetToDefaultsView.swift; sourceTree = "<group>"; };
		4FC6C7D924D4BC69004AD156 /* PersonEditor.swift */ = {isa = PBXFileReference; lastKnownFileType = sourcecode.swift; path = PersonEditor.swift; sourceTree = "<group>"; };
		4FED707526864BB9007D48E8 /* PersonListItem.swift */ = {isa = PBXFileReference; lastKnownFileType = sourcecode.swift; path = PersonListItem.swift; sourceTree = "<group>"; };
		4FF5300424D76E4800F4F9AC /* NavigationLazyView.swift */ = {isa = PBXFileReference; lastKnownFileType = sourcecode.swift; path = NavigationLazyView.swift; sourceTree = "<group>"; };
/* End PBXFileReference section */

/* Begin PBXFrameworksBuildPhase section */
		4F39A96524D7211100D69F5A /* Frameworks */ = {
			isa = PBXFrameworksBuildPhase;
			buildActionMask = 2147483647;
			files = (
			);
			runOnlyForDeploymentPostprocessing = 0;
		};
		4FC6C7A024D49717004AD156 /* Frameworks */ = {
			isa = PBXFrameworksBuildPhase;
			buildActionMask = 2147483647;
			files = (
			);
			runOnlyForDeploymentPostprocessing = 0;
		};
/* End PBXFrameworksBuildPhase section */

/* Begin PBXGroup section */
		4F39A96924D7211100D69F5A /* SampleCoreDataSwiftUIMVVMUITests */ = {
			isa = PBXGroup;
			children = (
				4F39A96A24D7211100D69F5A /* SampleCoreDataSwiftUIMVVMUITests.swift */,
				4F39A96C24D7211100D69F5A /* Info.plist */,
			);
			path = SampleCoreDataSwiftUIMVVMUITests;
			sourceTree = "<group>";
		};
		4FC6C79A24D49717004AD156 = {
			isa = PBXGroup;
			children = (
				4FC6C7A524D49717004AD156 /* SampleCoreDataSwiftUIMVVM */,
				4F39A96924D7211100D69F5A /* SampleCoreDataSwiftUIMVVMUITests */,
				4FC6C7A424D49717004AD156 /* Products */,
			);
			sourceTree = "<group>";
		};
		4FC6C7A424D49717004AD156 /* Products */ = {
			isa = PBXGroup;
			children = (
				4FC6C7A324D49717004AD156 /* SampleCoreDataSwiftUIMVVM.app */,
				4F39A96824D7211100D69F5A /* SampleCoreDataSwiftUIMVVMUITests.xctest */,
			);
			name = Products;
			sourceTree = "<group>";
		};
		4FC6C7A524D49717004AD156 /* SampleCoreDataSwiftUIMVVM */ = {
			isa = PBXGroup;
			children = (
				4F062E3326853A030055151E /* App.swift */,
				4FC6C7C024D4973C004AD156 /* Views */,
				4FC6C7BF24D49733004AD156 /* View Models */,
				4FC6C7BE24D4972B004AD156 /* Models */,
				4FC6C7D024D4B35A004AD156 /* Managers */,
				4FC6C7BD24D49722004AD156 /* Core Data */,
				4FC6C7C924D49C27004AD156 /* Extensions */,
				4FC6C7AF24D49719004AD156 /* Assets.xcassets */,
				4FC6C7B724D49719004AD156 /* Info.plist */,
				4FC6C7B124D49719004AD156 /* Preview Content */,
			);
			path = SampleCoreDataSwiftUIMVVM;
			sourceTree = "<group>";
		};
		4FC6C7B124D49719004AD156 /* Preview Content */ = {
			isa = PBXGroup;
			children = (
				4FC6C7B224D49719004AD156 /* Preview Assets.xcassets */,
			);
			path = "Preview Content";
			sourceTree = "<group>";
		};
		4FC6C7BD24D49722004AD156 /* Core Data */ = {
			isa = PBXGroup;
			children = (
				4FC6C7AA24D49717004AD156 /* SampleCoreDataSwiftUIMVVM.xcdatamodeld */,
				4FC6C7C724D49B8D004AD156 /* CoreDataHelper.swift */,
			);
			path = "Core Data";
			sourceTree = "<group>";
		};
		4FC6C7BE24D4972B004AD156 /* Models */ = {
			isa = PBXGroup;
			children = (
				4FC6C7C324D49853004AD156 /* Person.swift */,
			);
			path = Models;
			sourceTree = "<group>";
		};
		4FC6C7BF24D49733004AD156 /* View Models */ = {
			isa = PBXGroup;
			children = (
			);
			path = "View Models";
			sourceTree = "<group>";
		};
		4FC6C7C024D4973C004AD156 /* Views */ = {
			isa = PBXGroup;
			children = (
				4FC6C7AD24D49717004AD156 /* MainView.swift */,
				4FED707526864BB9007D48E8 /* PersonListItem.swift */,
				4FC6C7D324D4B9CD004AD156 /* CEOView.swift */,
				4FC6C7D524D4B9DA004AD156 /* PeopleListView.swift */,
				4FC6C7D724D4BA1C004AD156 /* ResetToDefaultsView.swift */,
				4FC6C7D924D4BC69004AD156 /* PersonEditor.swift */,
				4F27AD0424D4CBBD005295D8 /* DeletePersonButtonView.swift */,
				4F27AD0624D4CC16005295D8 /* DayPicker.swift */,
			);
			path = Views;
			sourceTree = "<group>";
		};
		4FC6C7C924D49C27004AD156 /* Extensions */ = {
			isa = PBXGroup;
			children = (
				4FC6C7CA24D49C40004AD156 /* NSManagedObjectContext+executeAndMerge.swift */,
				4FF5300424D76E4800F4F9AC /* NavigationLazyView.swift */,
				4F98992C2682358D006F027A /* Binding.swift */,
			);
			path = Extensions;
			sourceTree = "<group>";
		};
		4FC6C7D024D4B35A004AD156 /* Managers */ = {
			isa = PBXGroup;
			children = (
				4FC6C7CC24D49C6A004AD156 /* DataManager.swift */,
				4F5AB9672692635D00AA0186 /* LogManager.swift */,
			);
			path = Managers;
			sourceTree = "<group>";
		};
/* End PBXGroup section */

/* Begin PBXNativeTarget section */
		4F39A96724D7211100D69F5A /* SampleCoreDataSwiftUIMVVMUITests */ = {
			isa = PBXNativeTarget;
			buildConfigurationList = 4F39A97124D7211100D69F5A /* Build configuration list for PBXNativeTarget "SampleCoreDataSwiftUIMVVMUITests" */;
			buildPhases = (
				4F39A96424D7211100D69F5A /* Sources */,
				4F39A96524D7211100D69F5A /* Frameworks */,
				4F39A96624D7211100D69F5A /* Resources */,
			);
			buildRules = (
			);
			dependencies = (
				4F39A96E24D7211100D69F5A /* PBXTargetDependency */,
			);
			name = SampleCoreDataSwiftUIMVVMUITests;
			productName = SampleCoreDataSwiftUIMVVMUITests;
			productReference = 4F39A96824D7211100D69F5A /* SampleCoreDataSwiftUIMVVMUITests.xctest */;
			productType = "com.apple.product-type.bundle.ui-testing";
		};
		4FC6C7A224D49717004AD156 /* SampleCoreDataSwiftUIMVVM */ = {
			isa = PBXNativeTarget;
			buildConfigurationList = 4FC6C7BA24D49719004AD156 /* Build configuration list for PBXNativeTarget "SampleCoreDataSwiftUIMVVM" */;
			buildPhases = (
				4FC6C79F24D49717004AD156 /* Sources */,
				4FC6C7A024D49717004AD156 /* Frameworks */,
				4FC6C7A124D49717004AD156 /* Resources */,
			);
			buildRules = (
			);
			dependencies = (
			);
			name = SampleCoreDataSwiftUIMVVM;
			productName = SampleCoreDataSwiftUIMVVM;
			productReference = 4FC6C7A324D49717004AD156 /* SampleCoreDataSwiftUIMVVM.app */;
			productType = "com.apple.product-type.application";
		};
/* End PBXNativeTarget section */

/* Begin PBXProject section */
		4FC6C79B24D49717004AD156 /* Project object */ = {
			isa = PBXProject;
			attributes = {
				LastSwiftUpdateCheck = 1200;
				LastUpgradeCheck = 1200;
				TargetAttributes = {
					4F39A96724D7211100D69F5A = {
						CreatedOnToolsVersion = 12.0;
						TestTargetID = 4FC6C7A224D49717004AD156;
					};
					4FC6C7A224D49717004AD156 = {
						CreatedOnToolsVersion = 12.0;
					};
				};
			};
			buildConfigurationList = 4FC6C79E24D49717004AD156 /* Build configuration list for PBXProject "SampleCoreDataSwiftUIMVVM" */;
			compatibilityVersion = "Xcode 9.3";
			developmentRegion = en;
			hasScannedForEncodings = 0;
			knownRegions = (
				en,
				Base,
			);
			mainGroup = 4FC6C79A24D49717004AD156;
			productRefGroup = 4FC6C7A424D49717004AD156 /* Products */;
			projectDirPath = "";
			projectRoot = "";
			targets = (
				4FC6C7A224D49717004AD156 /* SampleCoreDataSwiftUIMVVM */,
				4F39A96724D7211100D69F5A /* SampleCoreDataSwiftUIMVVMUITests */,
			);
		};
/* End PBXProject section */

/* Begin PBXResourcesBuildPhase section */
		4F39A96624D7211100D69F5A /* Resources */ = {
			isa = PBXResourcesBuildPhase;
			buildActionMask = 2147483647;
			files = (
			);
			runOnlyForDeploymentPostprocessing = 0;
		};
		4FC6C7A124D49717004AD156 /* Resources */ = {
			isa = PBXResourcesBuildPhase;
			buildActionMask = 2147483647;
			files = (
				4FC6C7B324D49719004AD156 /* Preview Assets.xcassets in Resources */,
				4FC6C7B024D49719004AD156 /* Assets.xcassets in Resources */,
			);
			runOnlyForDeploymentPostprocessing = 0;
		};
/* End PBXResourcesBuildPhase section */

/* Begin PBXSourcesBuildPhase section */
		4F39A96424D7211100D69F5A /* Sources */ = {
			isa = PBXSourcesBuildPhase;
			buildActionMask = 2147483647;
			files = (
				4F39A96B24D7211100D69F5A /* SampleCoreDataSwiftUIMVVMUITests.swift in Sources */,
			);
			runOnlyForDeploymentPostprocessing = 0;
		};
		4FC6C79F24D49717004AD156 /* Sources */ = {
			isa = PBXSourcesBuildPhase;
			buildActionMask = 2147483647;
			files = (
				4F5AB9682692635D00AA0186 /* LogManager.swift in Sources */,
				4F27AD0524D4CBBD005295D8 /* DeletePersonButtonView.swift in Sources */,
				4FED707626864BB9007D48E8 /* PersonListItem.swift in Sources */,
				4FC6C7C424D49853004AD156 /* Person.swift in Sources */,
				4FC6C7CD24D49C6A004AD156 /* DataManager.swift in Sources */,
				4F27AD0724D4CC16005295D8 /* DayPicker.swift in Sources */,
				4FC6C7C824D49B8D004AD156 /* CoreDataHelper.swift in Sources */,
				4FC6C7CB24D49C40004AD156 /* NSManagedObjectContext+executeAndMerge.swift in Sources */,
				4FC6C7D824D4BA1C004AD156 /* ResetToDefaultsView.swift in Sources */,
				4F98992D2682358D006F027A /* Binding.swift in Sources */,
				4F062E3426853A030055151E /* App.swift in Sources */,
				4FC6C7D424D4B9CD004AD156 /* CEOView.swift in Sources */,
				4FC6C7D624D4B9DA004AD156 /* PeopleListView.swift in Sources */,
				4FC6C7DA24D4BC69004AD156 /* PersonEditor.swift in Sources */,
				4FF5300524D76E4800F4F9AC /* NavigationLazyView.swift in Sources */,
				4FC6C7AE24D49717004AD156 /* MainView.swift in Sources */,
				4FC6C7AC24D49717004AD156 /* SampleCoreDataSwiftUIMVVM.xcdatamodeld in Sources */,
			);
			runOnlyForDeploymentPostprocessing = 0;
		};
/* End PBXSourcesBuildPhase section */

/* Begin PBXTargetDependency section */
		4F39A96E24D7211100D69F5A /* PBXTargetDependency */ = {
			isa = PBXTargetDependency;
			target = 4FC6C7A224D49717004AD156 /* SampleCoreDataSwiftUIMVVM */;
			targetProxy = 4F39A96D24D7211100D69F5A /* PBXContainerItemProxy */;
		};
/* End PBXTargetDependency section */

/* Begin XCBuildConfiguration section */
		4F39A96F24D7211100D69F5A /* Debug */ = {
			isa = XCBuildConfiguration;
			buildSettings = {
				CODE_SIGN_STYLE = Automatic;
				DEVELOPMENT_TEAM = VQCYSNZB89;
				INFOPLIST_FILE = SampleCoreDataSwiftUIMVVMUITests/Info.plist;
				LD_RUNPATH_SEARCH_PATHS = (
					"$(inherited)",
					"@executable_path/Frameworks",
					"@loader_path/Frameworks",
				);
				PRODUCT_BUNDLE_IDENTIFIER = net.tenshu.SampleCoreDataSwiftUIMVVMUITests;
				PRODUCT_NAME = "$(TARGET_NAME)";
				SWIFT_VERSION = 5.0;
				TARGETED_DEVICE_FAMILY = "1,2";
				TEST_TARGET_NAME = SampleCoreDataSwiftUIMVVM;
			};
			name = Debug;
		};
		4F39A97024D7211100D69F5A /* Release */ = {
			isa = XCBuildConfiguration;
			buildSettings = {
				CODE_SIGN_STYLE = Automatic;
				DEVELOPMENT_TEAM = VQCYSNZB89;
				INFOPLIST_FILE = SampleCoreDataSwiftUIMVVMUITests/Info.plist;
				LD_RUNPATH_SEARCH_PATHS = (
					"$(inherited)",
					"@executable_path/Frameworks",
					"@loader_path/Frameworks",
				);
				PRODUCT_BUNDLE_IDENTIFIER = net.tenshu.SampleCoreDataSwiftUIMVVMUITests;
				PRODUCT_NAME = "$(TARGET_NAME)";
				SWIFT_VERSION = 5.0;
				TARGETED_DEVICE_FAMILY = "1,2";
				TEST_TARGET_NAME = SampleCoreDataSwiftUIMVVM;
			};
			name = Release;
		};
		4FC6C7B824D49719004AD156 /* Debug */ = {
			isa = XCBuildConfiguration;
			buildSettings = {
				ALWAYS_SEARCH_USER_PATHS = NO;
				CLANG_ANALYZER_NONNULL = YES;
				CLANG_ANALYZER_NUMBER_OBJECT_CONVERSION = YES_AGGRESSIVE;
				CLANG_CXX_LANGUAGE_STANDARD = "gnu++14";
				CLANG_CXX_LIBRARY = "libc++";
				CLANG_ENABLE_MODULES = YES;
				CLANG_ENABLE_OBJC_ARC = YES;
				CLANG_ENABLE_OBJC_WEAK = YES;
				CLANG_WARN_BLOCK_CAPTURE_AUTORELEASING = YES;
				CLANG_WARN_BOOL_CONVERSION = YES;
				CLANG_WARN_COMMA = YES;
				CLANG_WARN_CONSTANT_CONVERSION = YES;
				CLANG_WARN_DEPRECATED_OBJC_IMPLEMENTATIONS = YES;
				CLANG_WARN_DIRECT_OBJC_ISA_USAGE = YES_ERROR;
				CLANG_WARN_DOCUMENTATION_COMMENTS = YES;
				CLANG_WARN_EMPTY_BODY = YES;
				CLANG_WARN_ENUM_CONVERSION = YES;
				CLANG_WARN_INFINITE_RECURSION = YES;
				CLANG_WARN_INT_CONVERSION = YES;
				CLANG_WARN_NON_LITERAL_NULL_CONVERSION = YES;
				CLANG_WARN_OBJC_IMPLICIT_RETAIN_SELF = YES;
				CLANG_WARN_OBJC_LITERAL_CONVERSION = YES;
				CLANG_WARN_OBJC_ROOT_CLASS = YES_ERROR;
				CLANG_WARN_QUOTED_INCLUDE_IN_FRAMEWORK_HEADER = YES;
				CLANG_WARN_RANGE_LOOP_ANALYSIS = YES;
				CLANG_WARN_STRICT_PROTOTYPES = YES;
				CLANG_WARN_SUSPICIOUS_MOVE = YES;
				CLANG_WARN_UNGUARDED_AVAILABILITY = YES_AGGRESSIVE;
				CLANG_WARN_UNREACHABLE_CODE = YES;
				CLANG_WARN__DUPLICATE_METHOD_MATCH = YES;
				COPY_PHASE_STRIP = NO;
				DEBUG_INFORMATION_FORMAT = dwarf;
				ENABLE_STRICT_OBJC_MSGSEND = YES;
				ENABLE_TESTABILITY = YES;
				GCC_C_LANGUAGE_STANDARD = gnu11;
				GCC_DYNAMIC_NO_PIC = NO;
				GCC_NO_COMMON_BLOCKS = YES;
				GCC_OPTIMIZATION_LEVEL = 0;
				GCC_PREPROCESSOR_DEFINITIONS = (
					"DEBUG=1",
					"$(inherited)",
				);
				GCC_WARN_64_TO_32_BIT_CONVERSION = YES;
				GCC_WARN_ABOUT_RETURN_TYPE = YES_ERROR;
				GCC_WARN_UNDECLARED_SELECTOR = YES;
				GCC_WARN_UNINITIALIZED_AUTOS = YES_AGGRESSIVE;
				GCC_WARN_UNUSED_FUNCTION = YES;
				GCC_WARN_UNUSED_VARIABLE = YES;
				IPHONEOS_DEPLOYMENT_TARGET = 15.0;
				MTL_ENABLE_DEBUG_INFO = INCLUDE_SOURCE;
				MTL_FAST_MATH = YES;
				ONLY_ACTIVE_ARCH = YES;
				SDKROOT = iphoneos;
				SWIFT_ACTIVE_COMPILATION_CONDITIONS = DEBUG;
				SWIFT_OPTIMIZATION_LEVEL = "-Onone";
			};
			name = Debug;
		};
		4FC6C7B924D49719004AD156 /* Release */ = {
			isa = XCBuildConfiguration;
			buildSettings = {
				ALWAYS_SEARCH_USER_PATHS = NO;
				CLANG_ANALYZER_NONNULL = YES;
				CLANG_ANALYZER_NUMBER_OBJECT_CONVERSION = YES_AGGRESSIVE;
				CLANG_CXX_LANGUAGE_STANDARD = "gnu++14";
				CLANG_CXX_LIBRARY = "libc++";
				CLANG_ENABLE_MODULES = YES;
				CLANG_ENABLE_OBJC_ARC = YES;
				CLANG_ENABLE_OBJC_WEAK = YES;
				CLANG_WARN_BLOCK_CAPTURE_AUTORELEASING = YES;
				CLANG_WARN_BOOL_CONVERSION = YES;
				CLANG_WARN_COMMA = YES;
				CLANG_WARN_CONSTANT_CONVERSION = YES;
				CLANG_WARN_DEPRECATED_OBJC_IMPLEMENTATIONS = YES;
				CLANG_WARN_DIRECT_OBJC_ISA_USAGE = YES_ERROR;
				CLANG_WARN_DOCUMENTATION_COMMENTS = YES;
				CLANG_WARN_EMPTY_BODY = YES;
				CLANG_WARN_ENUM_CONVERSION = YES;
				CLANG_WARN_INFINITE_RECURSION = YES;
				CLANG_WARN_INT_CONVERSION = YES;
				CLANG_WARN_NON_LITERAL_NULL_CONVERSION = YES;
				CLANG_WARN_OBJC_IMPLICIT_RETAIN_SELF = YES;
				CLANG_WARN_OBJC_LITERAL_CONVERSION = YES;
				CLANG_WARN_OBJC_ROOT_CLASS = YES_ERROR;
				CLANG_WARN_QUOTED_INCLUDE_IN_FRAMEWORK_HEADER = YES;
				CLANG_WARN_RANGE_LOOP_ANALYSIS = YES;
				CLANG_WARN_STRICT_PROTOTYPES = YES;
				CLANG_WARN_SUSPICIOUS_MOVE = YES;
				CLANG_WARN_UNGUARDED_AVAILABILITY = YES_AGGRESSIVE;
				CLANG_WARN_UNREACHABLE_CODE = YES;
				CLANG_WARN__DUPLICATE_METHOD_MATCH = YES;
				COPY_PHASE_STRIP = NO;
				DEBUG_INFORMATION_FORMAT = "dwarf-with-dsym";
				ENABLE_NS_ASSERTIONS = NO;
				ENABLE_STRICT_OBJC_MSGSEND = YES;
				GCC_C_LANGUAGE_STANDARD = gnu11;
				GCC_NO_COMMON_BLOCKS = YES;
				GCC_WARN_64_TO_32_BIT_CONVERSION = YES;
				GCC_WARN_ABOUT_RETURN_TYPE = YES_ERROR;
				GCC_WARN_UNDECLARED_SELECTOR = YES;
				GCC_WARN_UNINITIALIZED_AUTOS = YES_AGGRESSIVE;
				GCC_WARN_UNUSED_FUNCTION = YES;
				GCC_WARN_UNUSED_VARIABLE = YES;
				IPHONEOS_DEPLOYMENT_TARGET = 15.0;
				MTL_ENABLE_DEBUG_INFO = NO;
				MTL_FAST_MATH = YES;
				SDKROOT = iphoneos;
				SWIFT_COMPILATION_MODE = wholemodule;
				SWIFT_OPTIMIZATION_LEVEL = "-O";
				VALIDATE_PRODUCT = YES;
			};
			name = Release;
		};
		4FC6C7BB24D49719004AD156 /* Debug */ = {
			isa = XCBuildConfiguration;
			buildSettings = {
				ASSETCATALOG_COMPILER_APPICON_NAME = AppIcon;
				ASSETCATALOG_COMPILER_GLOBAL_ACCENT_COLOR_NAME = AccentColor;
				CODE_SIGN_STYLE = Automatic;
				DEVELOPMENT_ASSET_PATHS = "\"SampleCoreDataSwiftUIMVVM/Preview Content\"";
				DEVELOPMENT_TEAM = VQCYSNZB89;
				ENABLE_PREVIEWS = YES;
				INFOPLIST_FILE = SampleCoreDataSwiftUIMVVM/Info.plist;
				LD_RUNPATH_SEARCH_PATHS = (
					"$(inherited)",
					"@executable_path/Frameworks",
				);
				PRODUCT_BUNDLE_IDENTIFIER = net.tenshu.SampleCoreDataSwiftUIMVVM;
				PRODUCT_NAME = "$(TARGET_NAME)";
				SWIFT_VERSION = 5.0;
				TARGETED_DEVICE_FAMILY = "1,2";
			};
			name = Debug;
		};
		4FC6C7BC24D49719004AD156 /* Release */ = {
			isa = XCBuildConfiguration;
			buildSettings = {
				ASSETCATALOG_COMPILER_APPICON_NAME = AppIcon;
				ASSETCATALOG_COMPILER_GLOBAL_ACCENT_COLOR_NAME = AccentColor;
				CODE_SIGN_STYLE = Automatic;
				DEVELOPMENT_ASSET_PATHS = "\"SampleCoreDataSwiftUIMVVM/Preview Content\"";
				DEVELOPMENT_TEAM = VQCYSNZB89;
				ENABLE_PREVIEWS = YES;
				INFOPLIST_FILE = SampleCoreDataSwiftUIMVVM/Info.plist;
				LD_RUNPATH_SEARCH_PATHS = (
					"$(inherited)",
					"@executable_path/Frameworks",
				);
				PRODUCT_BUNDLE_IDENTIFIER = net.tenshu.SampleCoreDataSwiftUIMVVM;
				PRODUCT_NAME = "$(TARGET_NAME)";
				SWIFT_VERSION = 5.0;
				TARGETED_DEVICE_FAMILY = "1,2";
			};
			name = Release;
		};
/* End XCBuildConfiguration section */

/* Begin XCConfigurationList section */
		4F39A97124D7211100D69F5A /* Build configuration list for PBXNativeTarget "SampleCoreDataSwiftUIMVVMUITests" */ = {
			isa = XCConfigurationList;
			buildConfigurations = (
				4F39A96F24D7211100D69F5A /* Debug */,
				4F39A97024D7211100D69F5A /* Release */,
			);
			defaultConfigurationIsVisible = 0;
			defaultConfigurationName = Release;
		};
		4FC6C79E24D49717004AD156 /* Build configuration list for PBXProject "SampleCoreDataSwiftUIMVVM" */ = {
			isa = XCConfigurationList;
			buildConfigurations = (
				4FC6C7B824D49719004AD156 /* Debug */,
				4FC6C7B924D49719004AD156 /* Release */,
			);
			defaultConfigurationIsVisible = 0;
			defaultConfigurationName = Release;
		};
		4FC6C7BA24D49719004AD156 /* Build configuration list for PBXNativeTarget "SampleCoreDataSwiftUIMVVM" */ = {
			isa = XCConfigurationList;
			buildConfigurations = (
				4FC6C7BB24D49719004AD156 /* Debug */,
				4FC6C7BC24D49719004AD156 /* Release */,
			);
			defaultConfigurationIsVisible = 0;
			defaultConfigurationName = Release;
		};
/* End XCConfigurationList section */

/* Begin XCVersionGroup section */
		4FC6C7AA24D49717004AD156 /* SampleCoreDataSwiftUIMVVM.xcdatamodeld */ = {
			isa = XCVersionGroup;
			children = (
				4FC6C7AB24D49717004AD156 /* SampleCoreDataSwiftUIMVVM.xcdatamodel */,
			);
			currentVersion = 4FC6C7AB24D49717004AD156 /* SampleCoreDataSwiftUIMVVM.xcdatamodel */;
			path = SampleCoreDataSwiftUIMVVM.xcdatamodeld;
			sourceTree = "<group>";
			versionGroupType = wrapper.xcdatamodel;
		};
/* End XCVersionGroup section */
	};
	rootObject = 4FC6C79B24D49717004AD156 /* Project object */;
}
